<?xml version="1.0" encoding="utf-8"?>
<Project ToolsVersion="4.0" xmlns="http://schemas.microsoft.com/developer/msbuild/2003">
  <ItemGroup>
    <Filter Include="Shaders">
      <UniqueIdentifier>{6147819d-ec59-4540-9e36-079ee9fffa6a}</UniqueIdentifier>
    </Filter>
    <Filter Include="Common">
      <UniqueIdentifier>{ca3a8e74-173a-48f4-ba04-0eac595a1e6b}</UniqueIdentifier>
    </Filter>
    <Filter Include="Models">
      <UniqueIdentifier>{1a794809-770c-4b98-b54b-caf95711bb22}</UniqueIdentifier>
    </Filter>
  </ItemGroup>
  <ItemGroup>
    <ClInclude Include="..\..\..\..\samples\Common\Console.h">
      <Filter>Common</Filter>
    </ClInclude>
    <ClInclude Include="..\..\..\..\samples\Common\ISample.h">
      <Filter>Common</Filter>
    </ClInclude>
    <ClInclude Include="..\..\..\..\samples\Common\ObjLoader.h">
      <Filter>Common</Filter>
    </ClInclude>
    <ClInclude Include="..\..\..\..\samples\Common\SampleFramework_Windows.h">
      <Filter>Common</Filter>
    </ClInclude>
    <ClInclude Include="..\..\..\..\samples\Common\Utils.h">
      <Filter>Common</Filter>
    </ClInclude>
    <ClInclude Include="..\..\..\..\samples\DeferredShading\DeferredSample.h" />
    <ClInclude Include="..\..\..\..\samples\DeferredShading\Light.h" />
    <ClInclude Include="..\..\..\..\samples\Common\SampleFramework.h">
      <Filter>Common</Filter>
    </ClInclude>
  </ItemGroup>
  <ItemGroup>
    <ClCompile Include="..\..\..\..\samples\Common\ObjLoader.cpp">
      <Filter>Common</Filter>
    </ClCompile>
    <ClCompile Include="..\..\..\..\samples\Common\SampleFramework_Windows.cpp">
      <Filter>Common</Filter>
    </ClCompile>
    <ClCompile Include="..\..\..\..\samples\Common\Utils.cpp">
      <Filter>Common</Filter>
    </ClCompile>
    <ClCompile Include="..\..\..\..\samples\DeferredShading\DeferredSample.cpp" />
    <ClCompile Include="..\..\..\..\samples\DeferredShading\Main.cpp" />
  </ItemGroup>
  <ItemGroup>
    <CustomBuild Include="..\..\..\..\samples\DeferredShading\Shaders\GBuffer.frag">
      <Filter>Shaders</Filter>
    </CustomBuild>
    <CustomBuild Include="..\..\..\..\samples\DeferredShading\Shaders\GBuffer.vert">
      <Filter>Shaders</Filter>
    </CustomBuild>
    <CustomBuild Include="..\..\..\..\samples\DeferredShading\Shaders\Lighting.frag">
      <Filter>Shaders</Filter>
    </CustomBuild>
    <CustomBuild Include="..\..\..\..\samples\DeferredShading\Shaders\Lighting.vert">
      <Filter>Shaders</Filter>
    </CustomBuild>
    <CustomBuild Include="..\..\..\..\samples\DeferredShading\Shaders\ScreenSpace.vert">
      <Filter>Shaders</Filter>
    </CustomBuild>
    <CustomBuild Include="..\..\..\..\samples\DeferredShading\Shaders\SimpleTexture.frag">
      <Filter>Shaders</Filter>
    </CustomBuild>
    <CustomBuild Include="..\..\..\..\samples\Common\Models\bunny.obj">
      <Filter>Models</Filter>
    </CustomBuild>
  </ItemGroup>
</Project>