<?xml version="1.0" encoding="utf-8"?>
<Project ToolsVersion="4.0" xmlns="http://schemas.microsoft.com/developer/msbuild/2003">
  <ItemGroup>
    <Filter Include="Common">
      <UniqueIdentifier>{3e60d965-55b1-4617-a096-aaa11e3a0cdd}</UniqueIdentifier>
    </Filter>
    <Filter Include="Shaders">
      <UniqueIdentifier>{1aabe09c-f8b2-4644-916e-d5783a9fd448}</UniqueIdentifier>
    </Filter>
  </ItemGroup>
  <ItemGroup>
    <ClInclude Include="..\..\..\samples\Common\Console.h">
      <Filter>Common</Filter>
    </ClInclude>
    <ClInclude Include="..\..\..\samples\Common\ISample.h">
      <Filter>Common</Filter>
    </ClInclude>
    <ClInclude Include="..\..\..\samples\Common\ObjLoader.h">
      <Filter>Common</Filter>
    </ClInclude>
    <ClInclude Include="..\..\..\samples\Common\SampleFramework_Windows.h">
      <Filter>Common</Filter>
    </ClInclude>
    <ClInclude Include="..\..\..\samples\Common\Utils.h">
      <Filter>Common</Filter>
    </ClInclude>
    <ClInclude Include="..\..\..\samples\Triangle\TriangleSample.h" />
    <ClInclude Include="..\..\..\samples\Common\SampleFramework.h">
      <Filter>Common</Filter>
    </ClInclude>
  </ItemGroup>
  <ItemGroup>
    <ClCompile Include="..\..\..\samples\Common\ObjLoader.cpp">
      <Filter>Common</Filter>
    </ClCompile>
    <ClCompile Include="..\..\..\samples\Common\SampleFramework_Windows.cpp">
      <Filter>Common</Filter>
    </ClCompile>
    <ClCompile Include="..\..\..\samples\Common\Utils.cpp">
      <Filter>Common</Filter>
    </ClCompile>
    <ClCompile Include="..\..\..\samples\Triangle\Main.cpp" />
    <ClCompile Include="..\..\..\samples\Triangle\TriangleSample.cpp" />
  </ItemGroup>
  <ItemGroup>
    <CustomBuild Include="..\..\..\samples\Triangle\Shaders\Simple.frag">
      <Filter>Shaders</Filter>
    </CustomBuild>
    <CustomBuild Include="..\..\..\samples\Triangle\Shaders\Simple.vert">
      <Filter>Shaders</Filter>
    </CustomBuild>
  </ItemGroup>
</Project>